
Microsoft Visual Studio Solution File, Format Version 12.00
# Visual Studio 15
VisualStudioVersion = 15.0.27703.2026
MinimumVisualStudioVersion = 10.0.40219.1
Project("{FAE04EC0-301F-11D3-BF4B-00C04F79EFBC}") = "NoughtsAndCrosses", "NoughtsAndCrosses\NoughtsAndCrosses.csproj", "{3510B507-1A6D-409B-8363-860B258298AD}"
EndProject
Global
	GlobalSection(SolutionConfigurationPlatforms) = preSolution
		Debug|Any CPU = Debug|Any CPU
		Release|Any CPU = Release|Any CPU
	EndGlobalSection
	GlobalSection(ProjectConfigurationPlatforms) = postSolution
		{3510B507-1A6D-409B-8363-860B258298AD}.Debug|Any CPU.ActiveCfg = Debug|Any CPU
		{3510B507-1A6D-409B-8363-860B258298AD}.Debug|Any CPU.Build.0 = Debug|Any CPU
		{3510B507-1A6D-409B-8363-860B258298AD}.Release|Any CPU.ActiveCfg = Release|Any CPU
		{3510B507-1A6D-409B-8363-860B258298AD}.Release|Any CPU.Build.0 = Release|Any CPU
	EndGlobalSection
	GlobalSection(SolutionProperties) = preSolution
		HideSolutionNode = FALSE
	EndGlobalSection
	GlobalSection(ExtensibilityGlobals) = postSolution
		SolutionGuid = {6EF03AB9-0090-4B59-ABBE-5E9881287659}
	EndGlobalSection
EndGlobal
